
Microsoft Visual Studio Solution File, Format Version 12.00
# Visual Studio Version 16
VisualStudioVersion = 16.0.31911.196
MinimumVisualStudioVersion = 10.0.40219.1
Project("{FAE04EC0-301F-11D3-BF4B-00C04F79EFBC}") = "PresentationLayerZrak", "PresentationLayerZrak\PresentationLayerZrak.csproj", "{57739D68-59F5-4E88-8D15-0C3E79E7258E}"
EndProject
Project("{FAE04EC0-301F-11D3-BF4B-00C04F79EFBC}") = "DataAccessLayerZrak", "DataAccessLayerZrak\DataAccessLayerZrak.csproj", "{613E5DF7-03A5-4768-BC04-1609281EBB5C}"
EndProject
Global
	GlobalSection(SolutionConfigurationPlatforms) = preSolution
		Debug|Any CPU = Debug|Any CPU
		Release|Any CPU = Release|Any CPU
	EndGlobalSection
	GlobalSection(ProjectConfigurationPlatforms) = postSolution
		{57739D68-59F5-4E88-8D15-0C3E79E7258E}.Debug|Any CPU.ActiveCfg = Debug|Any CPU
		{57739D68-59F5-4E88-8D15-0C3E79E7258E}.Debug|Any CPU.Build.0 = Debug|Any CPU
		{57739D68-59F5-4E88-8D15-0C3E79E7258E}.Release|Any CPU.ActiveCfg = Release|Any CPU
		{57739D68-59F5-4E88-8D15-0C3E79E7258E}.Release|Any CPU.Build.0 = Release|Any CPU
		{613E5DF7-03A5-4768-BC04-1609281EBB5C}.Debug|Any CPU.ActiveCfg = Debug|Any CPU
		{613E5DF7-03A5-4768-BC04-1609281EBB5C}.Debug|Any CPU.Build.0 = Debug|Any CPU
		{613E5DF7-03A5-4768-BC04-1609281EBB5C}.Release|Any CPU.ActiveCfg = Release|Any CPU
		{613E5DF7-03A5-4768-BC04-1609281EBB5C}.Release|Any CPU.Build.0 = Release|Any CPU
	EndGlobalSection
	GlobalSection(SolutionProperties) = preSolution
		HideSolutionNode = FALSE
	EndGlobalSection
	GlobalSection(ExtensibilityGlobals) = postSolution
		SolutionGuid = {7F989035-9527-43E3-BB90-877DB21FC63F}
	EndGlobalSection
EndGlobal
